
Microsoft Visual Studio Solution File, Format Version 12.00
# Visual Studio Version 17
VisualStudioVersion = 17.4.33122.133
MinimumVisualStudioVersion = 10.0.40219.1
Project("{FAE04EC0-301F-11D3-BF4B-00C04F79EFBC}") = "19aralik", "19aralik\19aralik.csproj", "{D59ABB27-5751-4E2D-AA74-2D25CCE3D57F}"
EndProject
Global
	GlobalSection(SolutionConfigurationPlatforms) = preSolution
		Debug|Any CPU = Debug|Any CPU
		Release|Any CPU = Release|Any CPU
	EndGlobalSection
	GlobalSection(ProjectConfigurationPlatforms) = postSolution
		{D59ABB27-5751-4E2D-AA74-2D25CCE3D57F}.Debug|Any CPU.ActiveCfg = Debug|Any CPU
		{D59ABB27-5751-4E2D-AA74-2D25CCE3D57F}.Debug|Any CPU.Build.0 = Debug|Any CPU
		{D59ABB27-5751-4E2D-AA74-2D25CCE3D57F}.Release|Any CPU.ActiveCfg = Release|Any CPU
		{D59ABB27-5751-4E2D-AA74-2D25CCE3D57F}.Release|Any CPU.Build.0 = Release|Any CPU
	EndGlobalSection
	GlobalSection(SolutionProperties) = preSolution
		HideSolutionNode = FALSE
	EndGlobalSection
	GlobalSection(ExtensibilityGlobals) = postSolution
		SolutionGuid = {F057B619-6446-4A2E-AE10-608F4719B967}
	EndGlobalSection
EndGlobal
