
Microsoft Visual Studio Solution File, Format Version 12.00
# Visual Studio Version 17
VisualStudioVersion = 17.4.33122.133
MinimumVisualStudioVersion = 10.0.40219.1
Project("{FAE04EC0-301F-11D3-BF4B-00C04F79EFBC}") = "28aralik", "28aralik\28aralik.csproj", "{FEEB6B02-B17F-4279-BEB7-D98F6082EC83}"
EndProject
Global
	GlobalSection(SolutionConfigurationPlatforms) = preSolution
		Debug|Any CPU = Debug|Any CPU
		Release|Any CPU = Release|Any CPU
	EndGlobalSection
	GlobalSection(ProjectConfigurationPlatforms) = postSolution
		{FEEB6B02-B17F-4279-BEB7-D98F6082EC83}.Debug|Any CPU.ActiveCfg = Debug|Any CPU
		{FEEB6B02-B17F-4279-BEB7-D98F6082EC83}.Debug|Any CPU.Build.0 = Debug|Any CPU
		{FEEB6B02-B17F-4279-BEB7-D98F6082EC83}.Release|Any CPU.ActiveCfg = Release|Any CPU
		{FEEB6B02-B17F-4279-BEB7-D98F6082EC83}.Release|Any CPU.Build.0 = Release|Any CPU
	EndGlobalSection
	GlobalSection(SolutionProperties) = preSolution
		HideSolutionNode = FALSE
	EndGlobalSection
	GlobalSection(ExtensibilityGlobals) = postSolution
		SolutionGuid = {C1FE91A8-70F5-44DF-88E7-9304994B64EF}
	EndGlobalSection
EndGlobal
